
Microsoft Visual Studio Solution File, Format Version 12.00
# Visual Studio Version 16
VisualStudioVersion = 16.0.31605.320
MinimumVisualStudioVersion = 10.0.40219.1
Project("{9A19103F-16F7-4668-BE54-9A1E7A4F7556}") = "LootBoot.Epilogue.Engine", "LootBoot.Epilogue.Engine\LootBoot.Epilogue.Engine.csproj", "{CF3CD2CA-B95C-4915-9B87-D532467E627A}"
EndProject
Project("{9A19103F-16F7-4668-BE54-9A1E7A4F7556}") = "LootBoot.Epilogue.Game", "LootBoot.Epilogue.Game\LootBoot.Epilogue.Game.csproj", "{3670A985-42F2-4BC6-9A71-C82088481A91}"
EndProject
Project("{FAE04EC0-301F-11D3-BF4B-00C04F79EFBC}") = "LootBoot.Epilogue.Tests", "LootBoot.Epilogue.Tests\LootBoot.Epilogue.Tests.csproj", "{DBFC22A3-A012-489E-A186-39A114D7BD58}"
EndProject
Project("{FAE04EC0-301F-11D3-BF4B-00C04F79EFBC}") = "LootBoot.Epilogue.ViewModels", "LootBoot.Epilogue.ViewModels\LootBoot.Epilogue.ViewModels.csproj", "{6E734F63-9FD9-42CC-AB3A-443F7BBFA0F5}"
EndProject
Project("{FAE04EC0-301F-11D3-BF4B-00C04F79EFBC}") = "LootBoot.Epilogue.Views", "LootBoot.Epilogue.Views\LootBoot.Epilogue.Views.csproj", "{F066CD45-67C8-4DAB-AD35-61F426142525}"
EndProject
Global
	GlobalSection(SolutionConfigurationPlatforms) = preSolution
		Debug|Any CPU = Debug|Any CPU
		Release|Any CPU = Release|Any CPU
	EndGlobalSection
	GlobalSection(ProjectConfigurationPlatforms) = postSolution
		{CF3CD2CA-B95C-4915-9B87-D532467E627A}.Debug|Any CPU.ActiveCfg = Debug|Any CPU
		{CF3CD2CA-B95C-4915-9B87-D532467E627A}.Debug|Any CPU.Build.0 = Debug|Any CPU
		{CF3CD2CA-B95C-4915-9B87-D532467E627A}.Release|Any CPU.ActiveCfg = Release|Any CPU
		{CF3CD2CA-B95C-4915-9B87-D532467E627A}.Release|Any CPU.Build.0 = Release|Any CPU
		{3670A985-42F2-4BC6-9A71-C82088481A91}.Debug|Any CPU.ActiveCfg = Debug|Any CPU
		{3670A985-42F2-4BC6-9A71-C82088481A91}.Debug|Any CPU.Build.0 = Debug|Any CPU
		{3670A985-42F2-4BC6-9A71-C82088481A91}.Release|Any CPU.ActiveCfg = Release|Any CPU
		{3670A985-42F2-4BC6-9A71-C82088481A91}.Release|Any CPU.Build.0 = Release|Any CPU
		{DBFC22A3-A012-489E-A186-39A114D7BD58}.Debug|Any CPU.ActiveCfg = Debug|Any CPU
		{DBFC22A3-A012-489E-A186-39A114D7BD58}.Debug|Any CPU.Build.0 = Debug|Any CPU
		{DBFC22A3-A012-489E-A186-39A114D7BD58}.Release|Any CPU.ActiveCfg = Release|Any CPU
		{DBFC22A3-A012-489E-A186-39A114D7BD58}.Release|Any CPU.Build.0 = Release|Any CPU
		{6E734F63-9FD9-42CC-AB3A-443F7BBFA0F5}.Debug|Any CPU.ActiveCfg = Debug|Any CPU
		{6E734F63-9FD9-42CC-AB3A-443F7BBFA0F5}.Debug|Any CPU.Build.0 = Debug|Any CPU
		{6E734F63-9FD9-42CC-AB3A-443F7BBFA0F5}.Release|Any CPU.ActiveCfg = Release|Any CPU
		{6E734F63-9FD9-42CC-AB3A-443F7BBFA0F5}.Release|Any CPU.Build.0 = Release|Any CPU
		{F066CD45-67C8-4DAB-AD35-61F426142525}.Debug|Any CPU.ActiveCfg = Debug|Any CPU
		{F066CD45-67C8-4DAB-AD35-61F426142525}.Debug|Any CPU.Build.0 = Debug|Any CPU
		{F066CD45-67C8-4DAB-AD35-61F426142525}.Release|Any CPU.ActiveCfg = Release|Any CPU
		{F066CD45-67C8-4DAB-AD35-61F426142525}.Release|Any CPU.Build.0 = Release|Any CPU
	EndGlobalSection
	GlobalSection(SolutionProperties) = preSolution
		HideSolutionNode = FALSE
	EndGlobalSection
	GlobalSection(ExtensibilityGlobals) = postSolution
		SolutionGuid = {EB12D9D6-793C-44B8-8E86-FA20FBA89D2D}
	EndGlobalSection
EndGlobal
